// !$*UTF8*$!
{
	archiveVersion = 1;
	classes = {
	};
	objectVersion = 56;
	objects = {

/* Begin PBXBuildFile section */
		9C18256B2B84A8D300F64B17 /* RestartAppSwiftUIApp.swift in Sources */ = {isa = PBXBuildFile; fileRef = 9C18256A2B84A8D300F64B17 /* RestartAppSwiftUIApp.swift */; };
		9C18256D2B84A8D300F64B17 /* ContentView.swift in Sources */ = {isa = PBXBuildFile; fileRef = 9C18256C2B84A8D300F64B17 /* ContentView.swift */; };
		9C18256F2B84A8D400F64B17 /* Assets.xcassets in Resources */ = {isa = PBXBuildFile; fileRef = 9C18256E2B84A8D400F64B17 /* Assets.xcassets */; };
		9C1825722B84A8D400F64B17 /* Preview Assets.xcassets in Resources */ = {isa = PBXBuildFile; fileRef = 9C1825712B84A8D400F64B17 /* Preview Assets.xcassets */; };
		9C18257A2B84A9A500F64B17 /* success.m4a in Resources */ = {isa = PBXBuildFile; fileRef = 9C1825782B84A9A500F64B17 /* success.m4a */; };
		9C18257B2B84A9A500F64B17 /* chimeup.mp3 in Resources */ = {isa = PBXBuildFile; fileRef = 9C1825792B84A9A500F64B17 /* chimeup.mp3 */; };
		9C1825822B84AD1400F64B17 /* OnboardingView.swift in Sources */ = {isa = PBXBuildFile; fileRef = 9C1825812B84AD1400F64B17 /* OnboardingView.swift */; };
		9C1825842B84AD1E00F64B17 /* HomeView.swift in Sources */ = {isa = PBXBuildFile; fileRef = 9C1825832B84AD1E00F64B17 /* HomeView.swift */; };
		9C1825862B86567700F64B17 /* CircleGroupView.swift in Sources */ = {isa = PBXBuildFile; fileRef = 9C1825852B86567700F64B17 /* CircleGroupView.swift */; };
		9C1825892B8A378700F64B17 /* AudioPlayer.swift in Sources */ = {isa = PBXBuildFile; fileRef = 9C1825882B8A378700F64B17 /* AudioPlayer.swift */; };
/* End PBXBuildFile section */

/* Begin PBXFileReference section */
		9C1825672B84A8D300F64B17 /* RestartAppSwiftUI.app */ = {isa = PBXFileReference; explicitFileType = wrapper.application; includeInIndex = 0; path = RestartAppSwiftUI.app; sourceTree = BUILT_PRODUCTS_DIR; };
		9C18256A2B84A8D300F64B17 /* RestartAppSwiftUIApp.swift */ = {isa = PBXFileReference; lastKnownFileType = sourcecode.swift; path = RestartAppSwiftUIApp.swift; sourceTree = "<group>"; };
		9C18256C2B84A8D300F64B17 /* ContentView.swift */ = {isa = PBXFileReference; lastKnownFileType = sourcecode.swift; path = ContentView.swift; sourceTree = "<group>"; };
		9C18256E2B84A8D400F64B17 /* Assets.xcassets */ = {isa = PBXFileReference; lastKnownFileType = folder.assetcatalog; path = Assets.xcassets; sourceTree = "<group>"; };
		9C1825712B84A8D400F64B17 /* Preview Assets.xcassets */ = {isa = PBXFileReference; lastKnownFileType = folder.assetcatalog; path = "Preview Assets.xcassets"; sourceTree = "<group>"; };
		9C1825782B84A9A500F64B17 /* success.m4a */ = {isa = PBXFileReference; lastKnownFileType = file; path = success.m4a; sourceTree = "<group>"; };
		9C1825792B84A9A500F64B17 /* chimeup.mp3 */ = {isa = PBXFileReference; lastKnownFileType = audio.mp3; path = chimeup.mp3; sourceTree = "<group>"; };
		9C1825802B84ACBC00F64B17 /* Info.plist */ = {isa = PBXFileReference; lastKnownFileType = text.plist; path = Info.plist; sourceTree = "<group>"; };
		9C1825812B84AD1400F64B17 /* OnboardingView.swift */ = {isa = PBXFileReference; lastKnownFileType = sourcecode.swift; path = OnboardingView.swift; sourceTree = "<group>"; };
		9C1825832B84AD1E00F64B17 /* HomeView.swift */ = {isa = PBXFileReference; lastKnownFileType = sourcecode.swift; path = HomeView.swift; sourceTree = "<group>"; };
		9C1825852B86567700F64B17 /* CircleGroupView.swift */ = {isa = PBXFileReference; lastKnownFileType = sourcecode.swift; path = CircleGroupView.swift; sourceTree = "<group>"; };
		9C1825882B8A378700F64B17 /* AudioPlayer.swift */ = {isa = PBXFileReference; lastKnownFileType = sourcecode.swift; path = AudioPlayer.swift; sourceTree = "<group>"; };
/* End PBXFileReference section */

/* Begin PBXFrameworksBuildPhase section */
		9C1825642B84A8D300F64B17 /* Frameworks */ = {
			isa = PBXFrameworksBuildPhase;
			buildActionMask = 2147483647;
			files = (
			);
			runOnlyForDeploymentPostprocessing = 0;
		};
/* End PBXFrameworksBuildPhase section */

/* Begin PBXGroup section */
		9C18255E2B84A8D300F64B17 = {
			isa = PBXGroup;
			children = (
				9C1825692B84A8D300F64B17 /* RestartAppSwiftUI */,
				9C1825682B84A8D300F64B17 /* Products */,
			);
			sourceTree = "<group>";
		};
		9C1825682B84A8D300F64B17 /* Products */ = {
			isa = PBXGroup;
			children = (
				9C1825672B84A8D300F64B17 /* RestartAppSwiftUI.app */,
			);
			name = Products;
			sourceTree = "<group>";
		};
		9C1825692B84A8D300F64B17 /* RestartAppSwiftUI */ = {
			isa = PBXGroup;
			children = (
				9C1825802B84ACBC00F64B17 /* Info.plist */,
				9C18256A2B84A8D300F64B17 /* RestartAppSwiftUIApp.swift */,
				9C18256E2B84A8D400F64B17 /* Assets.xcassets */,
				9C18257F2B84AB3500F64B17 /* Utilities */,
				9C18257E2B84AB2D00F64B17 /* Views */,
				9C18257C2B84A9B800F64B17 /* Sounds */,
				9C18257D2B84AB1E00F64B17 /* Screens */,
				9C1825702B84A8D400F64B17 /* Preview Content */,
			);
			path = RestartAppSwiftUI;
			sourceTree = "<group>";
		};
		9C1825702B84A8D400F64B17 /* Preview Content */ = {
			isa = PBXGroup;
			children = (
				9C1825712B84A8D400F64B17 /* Preview Assets.xcassets */,
			);
			path = "Preview Content";
			sourceTree = "<group>";
		};
		9C18257C2B84A9B800F64B17 /* Sounds */ = {
			isa = PBXGroup;
			children = (
				9C1825792B84A9A500F64B17 /* chimeup.mp3 */,
				9C1825782B84A9A500F64B17 /* success.m4a */,
			);
			path = Sounds;
			sourceTree = "<group>";
		};
		9C18257D2B84AB1E00F64B17 /* Screens */ = {
			isa = PBXGroup;
			children = (
				9C18256C2B84A8D300F64B17 /* ContentView.swift */,
				9C1825812B84AD1400F64B17 /* OnboardingView.swift */,
				9C1825832B84AD1E00F64B17 /* HomeView.swift */,
			);
			path = Screens;
			sourceTree = "<group>";
		};
		9C18257E2B84AB2D00F64B17 /* Views */ = {
			isa = PBXGroup;
			children = (
				9C1825852B86567700F64B17 /* CircleGroupView.swift */,
			);
			path = Views;
			sourceTree = "<group>";
		};
		9C18257F2B84AB3500F64B17 /* Utilities */ = {
			isa = PBXGroup;
			children = (
				9C1825882B8A378700F64B17 /* AudioPlayer.swift */,
			);
			path = Utilities;
			sourceTree = "<group>";
		};
/* End PBXGroup section */

/* Begin PBXNativeTarget section */
		9C1825662B84A8D300F64B17 /* RestartAppSwiftUI */ = {
			isa = PBXNativeTarget;
			buildConfigurationList = 9C1825752B84A8D400F64B17 /* Build configuration list for PBXNativeTarget "RestartAppSwiftUI" */;
			buildPhases = (
				9C1825632B84A8D300F64B17 /* Sources */,
				9C1825642B84A8D300F64B17 /* Frameworks */,
				9C1825652B84A8D300F64B17 /* Resources */,
			);
			buildRules = (
			);
			dependencies = (
			);
			name = RestartAppSwiftUI;
			productName = RestartAppSwiftUI;
			productReference = 9C1825672B84A8D300F64B17 /* RestartAppSwiftUI.app */;
			productType = "com.apple.product-type.application";
		};
/* End PBXNativeTarget section */

/* Begin PBXProject section */
		9C18255F2B84A8D300F64B17 /* Project object */ = {
			isa = PBXProject;
			attributes = {
				BuildIndependentTargetsInParallel = 1;
				LastSwiftUpdateCheck = 1500;
				LastUpgradeCheck = 1500;
				TargetAttributes = {
					9C1825662B84A8D300F64B17 = {
						CreatedOnToolsVersion = 15.0;
					};
				};
			};
			buildConfigurationList = 9C1825622B84A8D300F64B17 /* Build configuration list for PBXProject "RestartAppSwiftUI" */;
			compatibilityVersion = "Xcode 14.0";
			developmentRegion = en;
			hasScannedForEncodings = 0;
			knownRegions = (
				en,
				Base,
			);
			mainGroup = 9C18255E2B84A8D300F64B17;
			productRefGroup = 9C1825682B84A8D300F64B17 /* Products */;
			projectDirPath = "";
			projectRoot = "";
			targets = (
				9C1825662B84A8D300F64B17 /* RestartAppSwiftUI */,
			);
		};
/* End PBXProject section */

/* Begin PBXResourcesBuildPhase section */
		9C1825652B84A8D300F64B17 /* Resources */ = {
			isa = PBXResourcesBuildPhase;
			buildActionMask = 2147483647;
			files = (
				9C18257B2B84A9A500F64B17 /* chimeup.mp3 in Resources */,
				9C1825722B84A8D400F64B17 /* Preview Assets.xcassets in Resources */,
				9C18257A2B84A9A500F64B17 /* success.m4a in Resources */,
				9C18256F2B84A8D400F64B17 /* Assets.xcassets in Resources */,
			);
			runOnlyForDeploymentPostprocessing = 0;
		};
/* End PBXResourcesBuildPhase section */

/* Begin PBXSourcesBuildPhase section */
		9C1825632B84A8D300F64B17 /* Sources */ = {
			isa = PBXSourcesBuildPhase;
			buildActionMask = 2147483647;
			files = (
				9C1825862B86567700F64B17 /* CircleGroupView.swift in Sources */,
				9C1825822B84AD1400F64B17 /* OnboardingView.swift in Sources */,
				9C1825842B84AD1E00F64B17 /* HomeView.swift in Sources */,
				9C18256D2B84A8D300F64B17 /* ContentView.swift in Sources */,
				9C18256B2B84A8D300F64B17 /* RestartAppSwiftUIApp.swift in Sources */,
				9C1825892B8A378700F64B17 /* AudioPlayer.swift in Sources */,
			);
			runOnlyForDeploymentPostprocessing = 0;
		};
/* End PBXSourcesBuildPhase section */

/* Begin XCBuildConfiguration section */
		9C1825732B84A8D400F64B17 /* Debug */ = {
			isa = XCBuildConfiguration;
			buildSettings = {
				ALWAYS_SEARCH_USER_PATHS = NO;
				ASSETCATALOG_COMPILER_GENERATE_SWIFT_ASSET_SYMBOL_EXTENSIONS = YES;
				CLANG_ANALYZER_NONNULL = YES;
				CLANG_ANALYZER_NUMBER_OBJECT_CONVERSION = YES_AGGRESSIVE;
				CLANG_CXX_LANGUAGE_STANDARD = "gnu++20";
				CLANG_ENABLE_MODULES = YES;
				CLANG_ENABLE_OBJC_ARC = YES;
				CLANG_ENABLE_OBJC_WEAK = YES;
				CLANG_WARN_BLOCK_CAPTURE_AUTORELEASING = YES;
				CLANG_WARN_BOOL_CONVERSION = YES;
				CLANG_WARN_COMMA = YES;
				CLANG_WARN_CONSTANT_CONVERSION = YES;
				CLANG_WARN_DEPRECATED_OBJC_IMPLEMENTATIONS = YES;
				CLANG_WARN_DIRECT_OBJC_ISA_USAGE = YES_ERROR;
				CLANG_WARN_DOCUMENTATION_COMMENTS = YES;
				CLANG_WARN_EMPTY_BODY = YES;
				CLANG_WARN_ENUM_CONVERSION = YES;
				CLANG_WARN_INFINITE_RECURSION = YES;
				CLANG_WARN_INT_CONVERSION = YES;
				CLANG_WARN_NON_LITERAL_NULL_CONVERSION = YES;
				CLANG_WARN_OBJC_IMPLICIT_RETAIN_SELF = YES;
				CLANG_WARN_OBJC_LITERAL_CONVERSION = YES;
				CLANG_WARN_OBJC_ROOT_CLASS = YES_ERROR;
				CLANG_WARN_QUOTED_INCLUDE_IN_FRAMEWORK_HEADER = YES;
				CLANG_WARN_RANGE_LOOP_ANALYSIS = YES;
				CLANG_WARN_STRICT_PROTOTYPES = YES;
				CLANG_WARN_SUSPICIOUS_MOVE = YES;
				CLANG_WARN_UNGUARDED_AVAILABILITY = YES_AGGRESSIVE;
				CLANG_WARN_UNREACHABLE_CODE = YES;
				CLANG_WARN__DUPLICATE_METHOD_MATCH = YES;
				COPY_PHASE_STRIP = NO;
				DEBUG_INFORMATION_FORMAT = dwarf;
				ENABLE_STRICT_OBJC_MSGSEND = YES;
				ENABLE_TESTABILITY = YES;
				ENABLE_USER_SCRIPT_SANDBOXING = YES;
				GCC_C_LANGUAGE_STANDARD = gnu17;
				GCC_DYNAMIC_NO_PIC = NO;
				GCC_NO_COMMON_BLOCKS = YES;
				GCC_OPTIMIZATION_LEVEL = 0;
				GCC_PREPROCESSOR_DEFINITIONS = (
					"DEBUG=1",
					"$(inherited)",
				);
				GCC_WARN_64_TO_32_BIT_CONVERSION = YES;
				GCC_WARN_ABOUT_RETURN_TYPE = YES_ERROR;
				GCC_WARN_UNDECLARED_SELECTOR = YES;
				GCC_WARN_UNINITIALIZED_AUTOS = YES_AGGRESSIVE;
				GCC_WARN_UNUSED_FUNCTION = YES;
				GCC_WARN_UNUSED_VARIABLE = YES;
				IPHONEOS_DEPLOYMENT_TARGET = 17.0;
				LOCALIZATION_PREFERS_STRING_CATALOGS = YES;
				MTL_ENABLE_DEBUG_INFO = INCLUDE_SOURCE;
				MTL_FAST_MATH = YES;
				ONLY_ACTIVE_ARCH = YES;
				SDKROOT = iphoneos;
				SWIFT_ACTIVE_COMPILATION_CONDITIONS = "DEBUG $(inherited)";
				SWIFT_OPTIMIZATION_LEVEL = "-Onone";
			};
			name = Debug;
		};
		9C1825742B84A8D400F64B17 /* Release */ = {
			isa = XCBuildConfiguration;
			buildSettings = {
				ALWAYS_SEARCH_USER_PATHS = NO;
				ASSETCATALOG_COMPILER_GENERATE_SWIFT_ASSET_SYMBOL_EXTENSIONS = YES;
				CLANG_ANALYZER_NONNULL = YES;
				CLANG_ANALYZER_NUMBER_OBJECT_CONVERSION = YES_AGGRESSIVE;
				CLANG_CXX_LANGUAGE_STANDARD = "gnu++20";
				CLANG_ENABLE_MODULES = YES;
				CLANG_ENABLE_OBJC_ARC = YES;
				CLANG_ENABLE_OBJC_WEAK = YES;
				CLANG_WARN_BLOCK_CAPTURE_AUTORELEASING = YES;
				CLANG_WARN_BOOL_CONVERSION = YES;
				CLANG_WARN_COMMA = YES;
				CLANG_WARN_CONSTANT_CONVERSION = YES;
				CLANG_WARN_DEPRECATED_OBJC_IMPLEMENTATIONS = YES;
				CLANG_WARN_DIRECT_OBJC_ISA_USAGE = YES_ERROR;
				CLANG_WARN_DOCUMENTATION_COMMENTS = YES;
				CLANG_WARN_EMPTY_BODY = YES;
				CLANG_WARN_ENUM_CONVERSION = YES;
				CLANG_WARN_INFINITE_RECURSION = YES;
				CLANG_WARN_INT_CONVERSION = YES;
				CLANG_WARN_NON_LITERAL_NULL_CONVERSION = YES;
				CLANG_WARN_OBJC_IMPLICIT_RETAIN_SELF = YES;
				CLANG_WARN_OBJC_LITERAL_CONVERSION = YES;
				CLANG_WARN_OBJC_ROOT_CLASS = YES_ERROR;
				CLANG_WARN_QUOTED_INCLUDE_IN_FRAMEWORK_HEADER = YES;
				CLANG_WARN_RANGE_LOOP_ANALYSIS = YES;
				CLANG_WARN_STRICT_PROTOTYPES = YES;
				CLANG_WARN_SUSPICIOUS_MOVE = YES;
				CLANG_WARN_UNGUARDED_AVAILABILITY = YES_AGGRESSIVE;
				CLANG_WARN_UNREACHABLE_CODE = YES;
				CLANG_WARN__DUPLICATE_METHOD_MATCH = YES;
				COPY_PHASE_STRIP = NO;
				DEBUG_INFORMATION_FORMAT = "dwarf-with-dsym";
				ENABLE_NS_ASSERTIONS = NO;
				ENABLE_STRICT_OBJC_MSGSEND = YES;
				ENABLE_USER_SCRIPT_SANDBOXING = YES;
				GCC_C_LANGUAGE_STANDARD = gnu17;
				GCC_NO_COMMON_BLOCKS = YES;
				GCC_WARN_64_TO_32_BIT_CONVERSION = YES;
				GCC_WARN_ABOUT_RETURN_TYPE = YES_ERROR;
				GCC_WARN_UNDECLARED_SELECTOR = YES;
				GCC_WARN_UNINITIALIZED_AUTOS = YES_AGGRESSIVE;
				GCC_WARN_UNUSED_FUNCTION = YES;
				GCC_WARN_UNUSED_VARIABLE = YES;
				IPHONEOS_DEPLOYMENT_TARGET = 17.0;
				LOCALIZATION_PREFERS_STRING_CATALOGS = YES;
				MTL_ENABLE_DEBUG_INFO = NO;
				MTL_FAST_MATH = YES;
				SDKROOT = iphoneos;
				SWIFT_COMPILATION_MODE = wholemodule;
				VALIDATE_PRODUCT = YES;
			};
			name = Release;
		};
		9C1825762B84A8D400F64B17 /* Debug */ = {
			isa = XCBuildConfiguration;
			buildSettings = {
				ASSETCATALOG_COMPILER_APPICON_NAME = AppIcon;
				ASSETCATALOG_COMPILER_GLOBAL_ACCENT_COLOR_NAME = AccentColor;
				CODE_SIGN_STYLE = Automatic;
				CURRENT_PROJECT_VERSION = 1;
				DEVELOPMENT_ASSET_PATHS = "\"RestartAppSwiftUI/Preview Content\"";
				DEVELOPMENT_TEAM = 5L637C2H24;
				ENABLE_PREVIEWS = YES;
				GENERATE_INFOPLIST_FILE = YES;
				INFOPLIST_FILE = RestartAppSwiftUI/Info.plist;
				INFOPLIST_KEY_UIApplicationSceneManifest_Generation = YES;
				INFOPLIST_KEY_UIApplicationSupportsIndirectInputEvents = YES;
				INFOPLIST_KEY_UISupportedInterfaceOrientations_iPad = "UIInterfaceOrientationPortrait UIInterfaceOrientationPortraitUpsideDown UIInterfaceOrientationLandscapeLeft UIInterfaceOrientationLandscapeRight";
				INFOPLIST_KEY_UISupportedInterfaceOrientations_iPhone = UIInterfaceOrientationPortrait;
				IPHONEOS_DEPLOYMENT_TARGET = 16.0;
				LD_RUNPATH_SEARCH_PATHS = (
					"$(inherited)",
					"@executable_path/Frameworks",
				);
				MARKETING_VERSION = 1.0;
				PRODUCT_BUNDLE_IDENTIFIER = com.example.RestartAppSwiftUI;
				PRODUCT_NAME = "$(TARGET_NAME)";
				SWIFT_EMIT_LOC_STRINGS = YES;
				SWIFT_VERSION = 5.0;
				TARGETED_DEVICE_FAMILY = "1,2";
			};
			name = Debug;
		};
		9C1825772B84A8D400F64B17 /* Release */ = {
			isa = XCBuildConfiguration;
			buildSettings = {
				ASSETCATALOG_COMPILER_APPICON_NAME = AppIcon;
				ASSETCATALOG_COMPILER_GLOBAL_ACCENT_COLOR_NAME = AccentColor;
				CODE_SIGN_STYLE = Automatic;
				CURRENT_PROJECT_VERSION = 1;
				DEVELOPMENT_ASSET_PATHS = "\"RestartAppSwiftUI/Preview Content\"";
				DEVELOPMENT_TEAM = 5L637C2H24;
				ENABLE_PREVIEWS = YES;
				GENERATE_INFOPLIST_FILE = YES;
				INFOPLIST_FILE = RestartAppSwiftUI/Info.plist;
				INFOPLIST_KEY_UIApplicationSceneManifest_Generation = YES;
				INFOPLIST_KEY_UIApplicationSupportsIndirectInputEvents = YES;
				INFOPLIST_KEY_UISupportedInterfaceOrientations_iPad = "UIInterfaceOrientationPortrait UIInterfaceOrientationPortraitUpsideDown UIInterfaceOrientationLandscapeLeft UIInterfaceOrientationLandscapeRight";
				INFOPLIST_KEY_UISupportedInterfaceOrientations_iPhone = UIInterfaceOrientationPortrait;
				IPHONEOS_DEPLOYMENT_TARGET = 16.0;
				LD_RUNPATH_SEARCH_PATHS = (
					"$(inherited)",
					"@executable_path/Frameworks",
				);
				MARKETING_VERSION = 1.0;
				PRODUCT_BUNDLE_IDENTIFIER = com.example.RestartAppSwiftUI;
				PRODUCT_NAME = "$(TARGET_NAME)";
				SWIFT_EMIT_LOC_STRINGS = YES;
				SWIFT_VERSION = 5.0;
				TARGETED_DEVICE_FAMILY = "1,2";
			};
			name = Release;
		};
/* End XCBuildConfiguration section */

/* Begin XCConfigurationList section */
		9C1825622B84A8D300F64B17 /* Build configuration list for PBXProject "RestartAppSwiftUI" */ = {
			isa = XCConfigurationList;
			buildConfigurations = (
				9C1825732B84A8D400F64B17 /* Debug */,
				9C1825742B84A8D400F64B17 /* Release */,
			);
			defaultConfigurationIsVisible = 0;
			defaultConfigurationName = Release;
		};
		9C1825752B84A8D400F64B17 /* Build configuration list for PBXNativeTarget "RestartAppSwiftUI" */ = {
			isa = XCConfigurationList;
			buildConfigurations = (
				9C1825762B84A8D400F64B17 /* Debug */,
				9C1825772B84A8D400F64B17 /* Release */,
			);
			defaultConfigurationIsVisible = 0;
			defaultConfigurationName = Release;
		};
/* End XCConfigurationList section */
	};
	rootObject = 9C18255F2B84A8D300F64B17 /* Project object */;
}
